
Microsoft Visual Studio Solution File, Format Version 12.00
# Visual Studio 15
Project("{FAE04EC0-301F-11D3-BF4B-00C04F79EFBC}") = "Assembly-CSharp", "Assembly-CSharp.csproj", "{1F497F74-92BA-E3A5-D2D7-2AE62DE36B23}"
EndProject
Project("{FAE04EC0-301F-11D3-BF4B-00C04F79EFBC}") = "Assembly-CSharp-firstpass", "Assembly-CSharp-firstpass.csproj", "{F5E6B494-C0C8-F322-7A6F-3FDD962999F7}"
EndProject
Global
	GlobalSection(SolutionConfigurationPlatforms) = preSolution
		Debug|Any CPU = Debug|Any CPU
		Release|Any CPU = Release|Any CPU
	EndGlobalSection
	GlobalSection(ProjectConfigurationPlatforms) = postSolution
		{1F497F74-92BA-E3A5-D2D7-2AE62DE36B23}.Debug|Any CPU.ActiveCfg = Debug|Any CPU
		{1F497F74-92BA-E3A5-D2D7-2AE62DE36B23}.Debug|Any CPU.Build.0 = Debug|Any CPU
		{1F497F74-92BA-E3A5-D2D7-2AE62DE36B23}.Release|Any CPU.ActiveCfg = Release|Any CPU
		{1F497F74-92BA-E3A5-D2D7-2AE62DE36B23}.Release|Any CPU.Build.0 = Release|Any CPU
		{F5E6B494-C0C8-F322-7A6F-3FDD962999F7}.Debug|Any CPU.ActiveCfg = Debug|Any CPU
		{F5E6B494-C0C8-F322-7A6F-3FDD962999F7}.Debug|Any CPU.Build.0 = Debug|Any CPU
		{F5E6B494-C0C8-F322-7A6F-3FDD962999F7}.Release|Any CPU.ActiveCfg = Release|Any CPU
		{F5E6B494-C0C8-F322-7A6F-3FDD962999F7}.Release|Any CPU.Build.0 = Release|Any CPU
	EndGlobalSection
	GlobalSection(SolutionProperties) = preSolution
		HideSolutionNode = FALSE
	EndGlobalSection
EndGlobal
