
Microsoft Visual Studio Solution File, Format Version 11.00
# Visual Studio 2010
Project("{FAE04EC0-301F-11D3-BF4B-00C04F79EFBC}") = "Assembly-CSharp", "Assembly-CSharp.csproj", "{74751f53-f590-1a54-a773-2afcb5c1ecee}"
EndProject
Project("{FAE04EC0-301F-11D3-BF4B-00C04F79EFBC}") = "Assembly-CSharp-firstpass", "Assembly-CSharp-firstpass.csproj", "{87948703-c69c-fb52-7b39-cd789e7e77f9}"
EndProject
Global
	GlobalSection(SolutionConfigurationPlatforms) = preSolution
		Debug|Any CPU = Debug|Any CPU
	EndGlobalSection
	GlobalSection(ProjectConfigurationPlatforms) = postSolution
		{74751f53-f590-1a54-a773-2afcb5c1ecee}.Debug|Any CPU.ActiveCfg = Debug|Any CPU
		{74751f53-f590-1a54-a773-2afcb5c1ecee}.Debug|Any CPU.Build.0 = Debug|Any CPU
		{87948703-c69c-fb52-7b39-cd789e7e77f9}.Debug|Any CPU.ActiveCfg = Debug|Any CPU
		{87948703-c69c-fb52-7b39-cd789e7e77f9}.Debug|Any CPU.Build.0 = Debug|Any CPU
	EndGlobalSection
	GlobalSection(SolutionProperties) = preSolution
		HideSolutionNode = FALSE
	EndGlobalSection
EndGlobal
